Microsoft Visual Studio Solution File, Format Version 12.00
# Visual Studio Version 17
VisualStudioVersion = 17.5.2.0
MinimumVisualStudioVersion = 10.0.40219.1
Project("{FAE04EC0-301F-11D3-BF4B-00C04F79EFBC}") = "BioStockApi", "BioStockApi.csproj", "{984AF8BA-B629-AA8C-C9D5-E65AF9CCE410}"
EndProject
Global
	GlobalSection(SolutionConfigurationPlatforms) = preSolution
		Debug|Any CPU = Debug|Any CPU
		Release|Any CPU = Release|Any CPU
	EndGlobalSection
	GlobalSection(ProjectConfigurationPlatforms) = postSolution
		{984AF8BA-B629-AA8C-C9D5-E65AF9CCE410}.Debug|Any CPU.ActiveCfg = Debug|Any CPU
		{984AF8BA-B629-AA8C-C9D5-E65AF9CCE410}.Debug|Any CPU.Build.0 = Debug|Any CPU
		{984AF8BA-B629-AA8C-C9D5-E65AF9CCE410}.Release|Any CPU.ActiveCfg = Release|Any CPU
		{984AF8BA-B629-AA8C-C9D5-E65AF9CCE410}.Release|Any CPU.Build.0 = Release|Any CPU
	EndGlobalSection
	GlobalSection(SolutionProperties) = preSolution
		HideSolutionNode = FALSE
	EndGlobalSection
	GlobalSection(ExtensibilityGlobals) = postSolution
		SolutionGuid = {4D4B68B5-7237-4390-BE11-3F6D7A548885}
	EndGlobalSection
EndGlobal
